
Microsoft Visual Studio Solution File, Format Version 12.00
# Visual Studio Version 16
VisualStudioVersion = 16.0.31205.134
MinimumVisualStudioVersion = 10.0.40219.1
Project("{FAE04EC0-301F-11D3-BF4B-00C04F79EFBC}") = "AddressBookDB_Linq", "AddressBookDB_Linq\AddressBookDB_Linq.csproj", "{06BCD679-8017-4169-800C-B4CCE6B4FCB7}"
EndProject
Global
	GlobalSection(SolutionConfigurationPlatforms) = preSolution
		Debug|Any CPU = Debug|Any CPU
		Release|Any CPU = Release|Any CPU
	EndGlobalSection
	GlobalSection(ProjectConfigurationPlatforms) = postSolution
		{06BCD679-8017-4169-800C-B4CCE6B4FCB7}.Debug|Any CPU.ActiveCfg = Debug|Any CPU
		{06BCD679-8017-4169-800C-B4CCE6B4FCB7}.Debug|Any CPU.Build.0 = Debug|Any CPU
		{06BCD679-8017-4169-800C-B4CCE6B4FCB7}.Release|Any CPU.ActiveCfg = Release|Any CPU
		{06BCD679-8017-4169-800C-B4CCE6B4FCB7}.Release|Any CPU.Build.0 = Release|Any CPU
	EndGlobalSection
	GlobalSection(SolutionProperties) = preSolution
		HideSolutionNode = FALSE
	EndGlobalSection
	GlobalSection(ExtensibilityGlobals) = postSolution
		SolutionGuid = {6451C563-096B-4ECD-9DC2-36E9814839D5}
	EndGlobalSection
EndGlobal
